{
  "name": "basic",
  "version": "1.0.0",
  "lockfileVersion": 3,
  "requires": true,
  "packages": {
    "": {
      "name": "basic",
      "version": "1.0.0",
      "license": "ISC",
      "devDependencies": {
        "@unocss/core": "^0.56.4",
        "@unocss/preset-web-fonts": "^0.56.4"
      }
    },
    "node_modules/@unocss/core": {
      "version": "0.56.4",
      "resolved": "https://registry.npmjs.org/@unocss/core/-/core-0.56.4.tgz",
      "integrity": "sha512-9DL+2adfjWWnFWp2QOJTq2OcfKKo++agaXnCX7CzeD8KgfWCBqxs2RDoxP3HrDbTflhDHdbjz23B+vJoVykhZw==",
      "dev": true,
      "funding": {
        "url": "https://github.com/sponsors/antfu"
      }
    },
    "node_modules/@unocss/preset-web-fonts": {
      "version": "0.56.4",
      "resolved": "https://registry.npmjs.org/@unocss/preset-web-fonts/-/preset-web-fonts-0.56.4.tgz",
      "integrity": "sha512-H9Vy4nYpx1jpQvSBHBTSiB83zU85CtehoK03EbzUrz/i69EjBWiw52+mP/vrtMK0M/5QghcpNf64i8pObFId+w==",
      "dev": true,
      "dependencies": {
        "@unocss/core": "0.56.4",
        "ofetch": "^1.3.3"
      },
      "funding": {
        "url": "https://github.com/sponsors/antfu"
      }
    },
    "node_modules/destr": {
      "version": "2.0.1",
      "resolved": "https://registry.npmjs.org/destr/-/destr-2.0.1.tgz",
      "integrity": "sha512-M1Ob1zPSIvlARiJUkKqvAZ3VAqQY6Jcuth/pBKQ2b1dX/Qx0OnJ8Vux6J2H5PTMQeRzWrrbTu70VxBfv/OPDJA==",
      "dev": true
    },
    "node_modules/node-fetch-native": {
      "version": "1.4.0",
      "resolved": "https://registry.npmjs.org/node-fetch-native/-/node-fetch-native-1.4.0.tgz",
      "integrity": "sha512-F5kfEj95kX8tkDhUCYdV8dg3/8Olx/94zB8+ZNthFs6Bz31UpUi8Xh40TN3thLwXgrwXry1pEg9lJ++tLWTcqA==",
      "dev": true
    },
    "node_modules/ofetch": {
      "version": "1.3.3",
      "resolved": "https://registry.npmjs.org/ofetch/-/ofetch-1.3.3.tgz",
      "integrity": "sha512-s1ZCMmQWXy4b5K/TW9i/DtiN8Ku+xCiHcjQ6/J/nDdssirrQNOoB165Zu8EqLMA2lln1JUth9a0aW9Ap2ctrUg==",
      "dev": true,
      "dependencies": {
        "destr": "^2.0.1",
        "node-fetch-native": "^1.4.0",
        "ufo": "^1.3.0"
      }
    },
    "node_modules/ufo": {
      "version": "1.3.1",
      "resolved": "https://registry.npmjs.org/ufo/-/ufo-1.3.1.tgz",
      "integrity": "sha512-uY/99gMLIOlJPwATcMVYfqDSxUR9//AUcgZMzwfSTJPDKzA1S8mX4VLqa+fiAtveraQUBCz4FFcwVZBGbwBXIw==",
      "dev": true
    }
  }
}
